// !$*UTF8*$!
{
	archiveVersion = 1;
	classes = {
	};
	objectVersion = 50;
	objects = {

/* Begin PBXBuildFile section */
		847B038321CB62B4009758B1 /* UtilityClass.swift in Sources */ = {isa = PBXBuildFile; fileRef = 847B038221CB62B4009758B1 /* UtilityClass.swift */; };
		8489513E21C775E20031A29B /* AppDelegate.swift in Sources */ = {isa = PBXBuildFile; fileRef = 8489513D21C775E20031A29B /* AppDelegate.swift */; };
		8489514021C775E20031A29B /* ViewController.swift in Sources */ = {isa = PBXBuildFile; fileRef = 8489513F21C775E20031A29B /* ViewController.swift */; };
		8489514321C775E20031A29B /* Main.storyboard in Resources */ = {isa = PBXBuildFile; fileRef = 8489514121C775E20031A29B /* Main.storyboard */; };
		8489514621C775E20031A29B /* TestCoreData.xcdatamodeld in Sources */ = {isa = PBXBuildFile; fileRef = 8489514421C775E20031A29B /* TestCoreData.xcdatamodeld */; };
		8489514821C775E40031A29B /* Assets.xcassets in Resources */ = {isa = PBXBuildFile; fileRef = 8489514721C775E40031A29B /* Assets.xcassets */; };
		8489514B21C775E40031A29B /* LaunchScreen.storyboard in Resources */ = {isa = PBXBuildFile; fileRef = 8489514921C775E40031A29B /* LaunchScreen.storyboard */; };
		8489515621C775E40031A29B /* TestCoreDataTests.swift in Sources */ = {isa = PBXBuildFile; fileRef = 8489515521C775E40031A29B /* TestCoreDataTests.swift */; };
		8489516121C775E40031A29B /* TestCoreDataUITests.swift in Sources */ = {isa = PBXBuildFile; fileRef = 8489516021C775E40031A29B /* TestCoreDataUITests.swift */; };
		848951AF21C7D2450031A29B /* SpinnerViewController.swift in Sources */ = {isa = PBXBuildFile; fileRef = 848951AE21C7D2450031A29B /* SpinnerViewController.swift */; };
		848951B221C7DF470031A29B /* LocalAuthentication.framework in Frameworks */ = {isa = PBXBuildFile; fileRef = 848951B121C7DF470031A29B /* LocalAuthentication.framework */; };
/* End PBXBuildFile section */

/* Begin PBXContainerItemProxy section */
		8489515221C775E40031A29B /* PBXContainerItemProxy */ = {
			isa = PBXContainerItemProxy;
			containerPortal = 8489513221C775E20031A29B /* Project object */;
			proxyType = 1;
			remoteGlobalIDString = 8489513921C775E20031A29B;
			remoteInfo = TestCoreData;
		};
		8489515D21C775E40031A29B /* PBXContainerItemProxy */ = {
			isa = PBXContainerItemProxy;
			containerPortal = 8489513221C775E20031A29B /* Project object */;
			proxyType = 1;
			remoteGlobalIDString = 8489513921C775E20031A29B;
			remoteInfo = TestCoreData;
		};
/* End PBXContainerItemProxy section */

/* Begin PBXFileReference section */
		847B038221CB62B4009758B1 /* UtilityClass.swift */ = {isa = PBXFileReference; lastKnownFileType = sourcecode.swift; path = UtilityClass.swift; sourceTree = "<group>"; };
		8489513A21C775E20031A29B /* TestCoreData.app */ = {isa = PBXFileReference; explicitFileType = wrapper.application; includeInIndex = 0; path = TestCoreData.app; sourceTree = BUILT_PRODUCTS_DIR; };
		8489513D21C775E20031A29B /* AppDelegate.swift */ = {isa = PBXFileReference; lastKnownFileType = sourcecode.swift; path = AppDelegate.swift; sourceTree = "<group>"; };
		8489513F21C775E20031A29B /* ViewController.swift */ = {isa = PBXFileReference; lastKnownFileType = sourcecode.swift; path = ViewController.swift; sourceTree = "<group>"; };
		8489514221C775E20031A29B /* Base */ = {isa = PBXFileReference; lastKnownFileType = file.storyboard; name = Base; path = Base.lproj/Main.storyboard; sourceTree = "<group>"; };
		8489514521C775E20031A29B /* TestCoreData.xcdatamodel */ = {isa = PBXFileReference; lastKnownFileType = wrapper.xcdatamodel; path = TestCoreData.xcdatamodel; sourceTree = "<group>"; };
		8489514721C775E40031A29B /* Assets.xcassets */ = {isa = PBXFileReference; lastKnownFileType = folder.assetcatalog; path = Assets.xcassets; sourceTree = "<group>"; };
		8489514A21C775E40031A29B /* Base */ = {isa = PBXFileReference; lastKnownFileType = file.storyboard; name = Base; path = Base.lproj/LaunchScreen.storyboard; sourceTree = "<group>"; };
		8489514C21C775E40031A29B /* Info.plist */ = {isa = PBXFileReference; lastKnownFileType = text.plist.xml; path = Info.plist; sourceTree = "<group>"; };
		8489515121C775E40031A29B /* TestCoreDataTests.xctest */ = {isa = PBXFileReference; explicitFileType = wrapper.cfbundle; includeInIndex = 0; path = TestCoreDataTests.xctest; sourceTree = BUILT_PRODUCTS_DIR; };
		8489515521C775E40031A29B /* TestCoreDataTests.swift */ = {isa = PBXFileReference; lastKnownFileType = sourcecode.swift; path = TestCoreDataTests.swift; sourceTree = "<group>"; };
		8489515721C775E40031A29B /* Info.plist */ = {isa = PBXFileReference; lastKnownFileType = text.plist.xml; path = Info.plist; sourceTree = "<group>"; };
		8489515C21C775E40031A29B /* TestCoreDataUITests.xctest */ = {isa = PBXFileReference; explicitFileType = wrapper.cfbundle; includeInIndex = 0; path = TestCoreDataUITests.xctest; sourceTree = BUILT_PRODUCTS_DIR; };
		8489516021C775E40031A29B /* TestCoreDataUITests.swift */ = {isa = PBXFileReference; lastKnownFileType = sourcecode.swift; path = TestCoreDataUITests.swift; sourceTree = "<group>"; };
		8489516221C775E40031A29B /* Info.plist */ = {isa = PBXFileReference; lastKnownFileType = text.plist.xml; path = Info.plist; sourceTree = "<group>"; };
		848951AE21C7D2450031A29B /* SpinnerViewController.swift */ = {isa = PBXFileReference; lastKnownFileType = sourcecode.swift; path = SpinnerViewController.swift; sourceTree = "<group>"; };
		848951B121C7DF470031A29B /* LocalAuthentication.framework */ = {isa = PBXFileReference; lastKnownFileType = wrapper.framework; name = LocalAuthentication.framework; path = System/Library/Frameworks/LocalAuthentication.framework; sourceTree = SDKROOT; };
/* End PBXFileReference section */

/* Begin PBXFrameworksBuildPhase section */
		8489513721C775E20031A29B /* Frameworks */ = {
			isa = PBXFrameworksBuildPhase;
			buildActionMask = 2147483647;
			files = (
				848951B221C7DF470031A29B /* LocalAuthentication.framework in Frameworks */,
			);
			runOnlyForDeploymentPostprocessing = 0;
		};
		8489514E21C775E40031A29B /* Frameworks */ = {
			isa = PBXFrameworksBuildPhase;
			buildActionMask = 2147483647;
			files = (
			);
			runOnlyForDeploymentPostprocessing = 0;
		};
		8489515921C775E40031A29B /* Frameworks */ = {
			isa = PBXFrameworksBuildPhase;
			buildActionMask = 2147483647;
			files = (
			);
			runOnlyForDeploymentPostprocessing = 0;
		};
/* End PBXFrameworksBuildPhase section */

/* Begin PBXGroup section */
		8489513121C775E20031A29B = {
			isa = PBXGroup;
			children = (
				8489513C21C775E20031A29B /* TestCoreData */,
				8489515421C775E40031A29B /* TestCoreDataTests */,
				8489515F21C775E40031A29B /* TestCoreDataUITests */,
				8489513B21C775E20031A29B /* Products */,
				848951B021C7DF470031A29B /* Frameworks */,
			);
			sourceTree = "<group>";
		};
		8489513B21C775E20031A29B /* Products */ = {
			isa = PBXGroup;
			children = (
				8489513A21C775E20031A29B /* TestCoreData.app */,
				8489515121C775E40031A29B /* TestCoreDataTests.xctest */,
				8489515C21C775E40031A29B /* TestCoreDataUITests.xctest */,
			);
			name = Products;
			sourceTree = "<group>";
		};
		8489513C21C775E20031A29B /* TestCoreData */ = {
			isa = PBXGroup;
			children = (
				8489513D21C775E20031A29B /* AppDelegate.swift */,
				8489513F21C775E20031A29B /* ViewController.swift */,
				8489514121C775E20031A29B /* Main.storyboard */,
				8489514721C775E40031A29B /* Assets.xcassets */,
				8489514921C775E40031A29B /* LaunchScreen.storyboard */,
				8489514C21C775E40031A29B /* Info.plist */,
				8489514421C775E20031A29B /* TestCoreData.xcdatamodeld */,
				848951AE21C7D2450031A29B /* SpinnerViewController.swift */,
				847B038221CB62B4009758B1 /* UtilityClass.swift */,
			);
			path = TestCoreData;
			sourceTree = "<group>";
		};
		8489515421C775E40031A29B /* TestCoreDataTests */ = {
			isa = PBXGroup;
			children = (
				8489515521C775E40031A29B /* TestCoreDataTests.swift */,
				8489515721C775E40031A29B /* Info.plist */,
			);
			path = TestCoreDataTests;
			sourceTree = "<group>";
		};
		8489515F21C775E40031A29B /* TestCoreDataUITests */ = {
			isa = PBXGroup;
			children = (
				8489516021C775E40031A29B /* TestCoreDataUITests.swift */,
				8489516221C775E40031A29B /* Info.plist */,
			);
			path = TestCoreDataUITests;
			sourceTree = "<group>";
		};
		848951B021C7DF470031A29B /* Frameworks */ = {
			isa = PBXGroup;
			children = (
				848951B121C7DF470031A29B /* LocalAuthentication.framework */,
			);
			name = Frameworks;
			sourceTree = "<group>";
		};
/* End PBXGroup section */

/* Begin PBXNativeTarget section */
		8489513921C775E20031A29B /* TestCoreData */ = {
			isa = PBXNativeTarget;
			buildConfigurationList = 8489516521C775E40031A29B /* Build configuration list for PBXNativeTarget "TestCoreData" */;
			buildPhases = (
				8489513621C775E20031A29B /* Sources */,
				8489513721C775E20031A29B /* Frameworks */,
				8489513821C775E20031A29B /* Resources */,
			);
			buildRules = (
			);
			dependencies = (
			);
			name = TestCoreData;
			productName = TestCoreData;
			productReference = 8489513A21C775E20031A29B /* TestCoreData.app */;
			productType = "com.apple.product-type.application";
		};
		8489515021C775E40031A29B /* TestCoreDataTests */ = {
			isa = PBXNativeTarget;
			buildConfigurationList = 8489516821C775E40031A29B /* Build configuration list for PBXNativeTarget "TestCoreDataTests" */;
			buildPhases = (
				8489514D21C775E40031A29B /* Sources */,
				8489514E21C775E40031A29B /* Frameworks */,
				8489514F21C775E40031A29B /* Resources */,
			);
			buildRules = (
			);
			dependencies = (
				8489515321C775E40031A29B /* PBXTargetDependency */,
			);
			name = TestCoreDataTests;
			productName = TestCoreDataTests;
			productReference = 8489515121C775E40031A29B /* TestCoreDataTests.xctest */;
			productType = "com.apple.product-type.bundle.unit-test";
		};
		8489515B21C775E40031A29B /* TestCoreDataUITests */ = {
			isa = PBXNativeTarget;
			buildConfigurationList = 8489516B21C775E40031A29B /* Build configuration list for PBXNativeTarget "TestCoreDataUITests" */;
			buildPhases = (
				8489515821C775E40031A29B /* Sources */,
				8489515921C775E40031A29B /* Frameworks */,
				8489515A21C775E40031A29B /* Resources */,
			);
			buildRules = (
			);
			dependencies = (
				8489515E21C775E40031A29B /* PBXTargetDependency */,
			);
			name = TestCoreDataUITests;
			productName = TestCoreDataUITests;
			productReference = 8489515C21C775E40031A29B /* TestCoreDataUITests.xctest */;
			productType = "com.apple.product-type.bundle.ui-testing";
		};
/* End PBXNativeTarget section */

/* Begin PBXProject section */
		8489513221C775E20031A29B /* Project object */ = {
			isa = PBXProject;
			attributes = {
				LastSwiftUpdateCheck = 1000;
				LastUpgradeCheck = 1000;
				ORGANIZATIONNAME = Admin;
				TargetAttributes = {
					8489513921C775E20031A29B = {
						CreatedOnToolsVersion = 10.0;
					};
					8489515021C775E40031A29B = {
						CreatedOnToolsVersion = 10.0;
						TestTargetID = 8489513921C775E20031A29B;
					};
					8489515B21C775E40031A29B = {
						CreatedOnToolsVersion = 10.0;
						TestTargetID = 8489513921C775E20031A29B;
					};
				};
			};
			buildConfigurationList = 8489513521C775E20031A29B /* Build configuration list for PBXProject "TestCoreData" */;
			compatibilityVersion = "Xcode 9.3";
			developmentRegion = en;
			hasScannedForEncodings = 0;
			knownRegions = (
				en,
				Base,
			);
			mainGroup = 8489513121C775E20031A29B;
			productRefGroup = 8489513B21C775E20031A29B /* Products */;
			projectDirPath = "";
			projectRoot = "";
			targets = (
				8489513921C775E20031A29B /* TestCoreData */,
				8489515021C775E40031A29B /* TestCoreDataTests */,
				8489515B21C775E40031A29B /* TestCoreDataUITests */,
			);
		};
/* End PBXProject section */

/* Begin PBXResourcesBuildPhase section */
		8489513821C775E20031A29B /* Resources */ = {
			isa = PBXResourcesBuildPhase;
			buildActionMask = 2147483647;
			files = (
				8489514B21C775E40031A29B /* LaunchScreen.storyboard in Resources */,
				8489514821C775E40031A29B /* Assets.xcassets in Resources */,
				8489514321C775E20031A29B /* Main.storyboard in Resources */,
			);
			runOnlyForDeploymentPostprocessing = 0;
		};
		8489514F21C775E40031A29B /* Resources */ = {
			isa = PBXResourcesBuildPhase;
			buildActionMask = 2147483647;
			files = (
			);
			runOnlyForDeploymentPostprocessing = 0;
		};
		8489515A21C775E40031A29B /* Resources */ = {
			isa = PBXResourcesBuildPhase;
			buildActionMask = 2147483647;
			files = (
			);
			runOnlyForDeploymentPostprocessing = 0;
		};
/* End PBXResourcesBuildPhase section */

/* Begin PBXSourcesBuildPhase section */
		8489513621C775E20031A29B /* Sources */ = {
			isa = PBXSourcesBuildPhase;
			buildActionMask = 2147483647;
			files = (
				848951AF21C7D2450031A29B /* SpinnerViewController.swift in Sources */,
				847B038321CB62B4009758B1 /* UtilityClass.swift in Sources */,
				8489514021C775E20031A29B /* ViewController.swift in Sources */,
				8489514621C775E20031A29B /* TestCoreData.xcdatamodeld in Sources */,
				8489513E21C775E20031A29B /* AppDelegate.swift in Sources */,
			);
			runOnlyForDeploymentPostprocessing = 0;
		};
		8489514D21C775E40031A29B /* Sources */ = {
			isa = PBXSourcesBuildPhase;
			buildActionMask = 2147483647;
			files = (
				8489515621C775E40031A29B /* TestCoreDataTests.swift in Sources */,
			);
			runOnlyForDeploymentPostprocessing = 0;
		};
		8489515821C775E40031A29B /* Sources */ = {
			isa = PBXSourcesBuildPhase;
			buildActionMask = 2147483647;
			files = (
				8489516121C775E40031A29B /* TestCoreDataUITests.swift in Sources */,
			);
			runOnlyForDeploymentPostprocessing = 0;
		};
/* End PBXSourcesBuildPhase section */

/* Begin PBXTargetDependency section */
		8489515321C775E40031A29B /* PBXTargetDependency */ = {
			isa = PBXTargetDependency;
			target = 8489513921C775E20031A29B /* TestCoreData */;
			targetProxy = 8489515221C775E40031A29B /* PBXContainerItemProxy */;
		};
		8489515E21C775E40031A29B /* PBXTargetDependency */ = {
			isa = PBXTargetDependency;
			target = 8489513921C775E20031A29B /* TestCoreData */;
			targetProxy = 8489515D21C775E40031A29B /* PBXContainerItemProxy */;
		};
/* End PBXTargetDependency section */

/* Begin PBXVariantGroup section */
		8489514121C775E20031A29B /* Main.storyboard */ = {
			isa = PBXVariantGroup;
			children = (
				8489514221C775E20031A29B /* Base */,
			);
			name = Main.storyboard;
			sourceTree = "<group>";
		};
		8489514921C775E40031A29B /* LaunchScreen.storyboard */ = {
			isa = PBXVariantGroup;
			children = (
				8489514A21C775E40031A29B /* Base */,
			);
			name = LaunchScreen.storyboard;
			sourceTree = "<group>";
		};
/* End PBXVariantGroup section */

/* Begin XCBuildConfiguration section */
		8489516321C775E40031A29B /* Debug */ = {
			isa = XCBuildConfiguration;
			buildSettings = {
				ALWAYS_SEARCH_USER_PATHS = NO;
				CLANG_ANALYZER_NONNULL = YES;
				CLANG_ANALYZER_NUMBER_OBJECT_CONVERSION = YES_AGGRESSIVE;
				CLANG_CXX_LANGUAGE_STANDARD = "gnu++14";
				CLANG_CXX_LIBRARY = "libc++";
				CLANG_ENABLE_MODULES = YES;
				CLANG_ENABLE_OBJC_ARC = YES;
				CLANG_ENABLE_OBJC_WEAK = YES;
				CLANG_WARN_BLOCK_CAPTURE_AUTORELEASING = YES;
				CLANG_WARN_BOOL_CONVERSION = YES;
				CLANG_WARN_COMMA = YES;
				CLANG_WARN_CONSTANT_CONVERSION = YES;
				CLANG_WARN_DEPRECATED_OBJC_IMPLEMENTATIONS = YES;
				CLANG_WARN_DIRECT_OBJC_ISA_USAGE = YES_ERROR;
				CLANG_WARN_DOCUMENTATION_COMMENTS = YES;
				CLANG_WARN_EMPTY_BODY = YES;
				CLANG_WARN_ENUM_CONVERSION = YES;
				CLANG_WARN_INFINITE_RECURSION = YES;
				CLANG_WARN_INT_CONVERSION = YES;
				CLANG_WARN_NON_LITERAL_NULL_CONVERSION = YES;
				CLANG_WARN_OBJC_IMPLICIT_RETAIN_SELF = YES;
				CLANG_WARN_OBJC_LITERAL_CONVERSION = YES;
				CLANG_WARN_OBJC_ROOT_CLASS = YES_ERROR;
				CLANG_WARN_RANGE_LOOP_ANALYSIS = YES;
				CLANG_WARN_STRICT_PROTOTYPES = YES;
				CLANG_WARN_SUSPICIOUS_MOVE = YES;
				CLANG_WARN_UNGUARDED_AVAILABILITY = YES_AGGRESSIVE;
				CLANG_WARN_UNREACHABLE_CODE = YES;
				CLANG_WARN__DUPLICATE_METHOD_MATCH = YES;
				CODE_SIGN_IDENTITY = "iPhone Developer";
				COPY_PHASE_STRIP = NO;
				DEBUG_INFORMATION_FORMAT = dwarf;
				ENABLE_STRICT_OBJC_MSGSEND = YES;
				ENABLE_TESTABILITY = YES;
				GCC_C_LANGUAGE_STANDARD = gnu11;
				GCC_DYNAMIC_NO_PIC = NO;
				GCC_NO_COMMON_BLOCKS = YES;
				GCC_OPTIMIZATION_LEVEL = 0;
				GCC_PREPROCESSOR_DEFINITIONS = (
					"DEBUG=1",
					"$(inherited)",
				);
				GCC_WARN_64_TO_32_BIT_CONVERSION = YES;
				GCC_WARN_ABOUT_RETURN_TYPE = YES_ERROR;
				GCC_WARN_UNDECLARED_SELECTOR = YES;
				GCC_WARN_UNINITIALIZED_AUTOS = YES_AGGRESSIVE;
				GCC_WARN_UNUSED_FUNCTION = YES;
				GCC_WARN_UNUSED_VARIABLE = YES;
				IPHONEOS_DEPLOYMENT_TARGET = 12.0;
				MTL_ENABLE_DEBUG_INFO = INCLUDE_SOURCE;
				MTL_FAST_MATH = YES;
				ONLY_ACTIVE_ARCH = YES;
				SDKROOT = iphoneos;
				SWIFT_ACTIVE_COMPILATION_CONDITIONS = DEBUG;
				SWIFT_OPTIMIZATION_LEVEL = "-Onone";
			};
			name = Debug;
		};
		8489516421C775E40031A29B /* Release */ = {
			isa = XCBuildConfiguration;
			buildSettings = {
				ALWAYS_SEARCH_USER_PATHS = NO;
				CLANG_ANALYZER_NONNULL = YES;
				CLANG_ANALYZER_NUMBER_OBJECT_CONVERSION = YES_AGGRESSIVE;
				CLANG_CXX_LANGUAGE_STANDARD = "gnu++14";
				CLANG_CXX_LIBRARY = "libc++";
				CLANG_ENABLE_MODULES = YES;
				CLANG_ENABLE_OBJC_ARC = YES;
				CLANG_ENABLE_OBJC_WEAK = YES;
				CLANG_WARN_BLOCK_CAPTURE_AUTORELEASING = YES;
				CLANG_WARN_BOOL_CONVERSION = YES;
				CLANG_WARN_COMMA = YES;
				CLANG_WARN_CONSTANT_CONVERSION = YES;
				CLANG_WARN_DEPRECATED_OBJC_IMPLEMENTATIONS = YES;
				CLANG_WARN_DIRECT_OBJC_ISA_USAGE = YES_ERROR;
				CLANG_WARN_DOCUMENTATION_COMMENTS = YES;
				CLANG_WARN_EMPTY_BODY = YES;
				CLANG_WARN_ENUM_CONVERSION = YES;
				CLANG_WARN_INFINITE_RECURSION = YES;
				CLANG_WARN_INT_CONVERSION = YES;
				CLANG_WARN_NON_LITERAL_NULL_CONVERSION = YES;
				CLANG_WARN_OBJC_IMPLICIT_RETAIN_SELF = YES;
				CLANG_WARN_OBJC_LITERAL_CONVERSION = YES;
				CLANG_WARN_OBJC_ROOT_CLASS = YES_ERROR;
				CLANG_WARN_RANGE_LOOP_ANALYSIS = YES;
				CLANG_WARN_STRICT_PROTOTYPES = YES;
				CLANG_WARN_SUSPICIOUS_MOVE = YES;
				CLANG_WARN_UNGUARDED_AVAILABILITY = YES_AGGRESSIVE;
				CLANG_WARN_UNREACHABLE_CODE = YES;
				CLANG_WARN__DUPLICATE_METHOD_MATCH = YES;
				CODE_SIGN_IDENTITY = "iPhone Developer";
				COPY_PHASE_STRIP = NO;
				DEBUG_INFORMATION_FORMAT = "dwarf-with-dsym";
				ENABLE_NS_ASSERTIONS = NO;
				ENABLE_STRICT_OBJC_MSGSEND = YES;
				GCC_C_LANGUAGE_STANDARD = gnu11;
				GCC_NO_COMMON_BLOCKS = YES;
				GCC_WARN_64_TO_32_BIT_CONVERSION = YES;
				GCC_WARN_ABOUT_RETURN_TYPE = YES_ERROR;
				GCC_WARN_UNDECLARED_SELECTOR = YES;
				GCC_WARN_UNINITIALIZED_AUTOS = YES_AGGRESSIVE;
				GCC_WARN_UNUSED_FUNCTION = YES;
				GCC_WARN_UNUSED_VARIABLE = YES;
				IPHONEOS_DEPLOYMENT_TARGET = 12.0;
				MTL_ENABLE_DEBUG_INFO = NO;
				MTL_FAST_MATH = YES;
				SDKROOT = iphoneos;
				SWIFT_COMPILATION_MODE = wholemodule;
				SWIFT_OPTIMIZATION_LEVEL = "-O";
				VALIDATE_PRODUCT = YES;
			};
			name = Release;
		};
		8489516621C775E40031A29B /* Debug */ = {
			isa = XCBuildConfiguration;
			buildSettings = {
				ASSETCATALOG_COMPILER_APPICON_NAME = AppIcon;
				CODE_SIGN_STYLE = Automatic;
				DEVELOPMENT_TEAM = JW533K8V9M;
				INFOPLIST_FILE = TestCoreData/Info.plist;
				LD_RUNPATH_SEARCH_PATHS = (
					"$(inherited)",
					"@executable_path/Frameworks",
				);
				PRODUCT_BUNDLE_IDENTIFIER = com.nethues.TestCoreData;
				PRODUCT_NAME = "$(TARGET_NAME)";
				SWIFT_VERSION = 4.2;
				TARGETED_DEVICE_FAMILY = "1,2";
			};
			name = Debug;
		};
		8489516721C775E40031A29B /* Release */ = {
			isa = XCBuildConfiguration;
			buildSettings = {
				ASSETCATALOG_COMPILER_APPICON_NAME = AppIcon;
				CODE_SIGN_STYLE = Automatic;
				DEVELOPMENT_TEAM = JW533K8V9M;
				INFOPLIST_FILE = TestCoreData/Info.plist;
				LD_RUNPATH_SEARCH_PATHS = (
					"$(inherited)",
					"@executable_path/Frameworks",
				);
				PRODUCT_BUNDLE_IDENTIFIER = com.nethues.TestCoreData;
				PRODUCT_NAME = "$(TARGET_NAME)";
				SWIFT_VERSION = 4.2;
				TARGETED_DEVICE_FAMILY = "1,2";
			};
			name = Release;
		};
		8489516921C775E40031A29B /* Debug */ = {
			isa = XCBuildConfiguration;
			buildSettings = {
				ALWAYS_EMBED_SWIFT_STANDARD_LIBRARIES = YES;
				BUNDLE_LOADER = "$(TEST_HOST)";
				CODE_SIGN_STYLE = Automatic;
				DEVELOPMENT_TEAM = JW533K8V9M;
				INFOPLIST_FILE = TestCoreDataTests/Info.plist;
				LD_RUNPATH_SEARCH_PATHS = (
					"$(inherited)",
					"@executable_path/Frameworks",
					"@loader_path/Frameworks",
				);
				PRODUCT_BUNDLE_IDENTIFIER = com.nethues.TestCoreDataTests;
				PRODUCT_NAME = "$(TARGET_NAME)";
				SWIFT_VERSION = 4.2;
				TARGETED_DEVICE_FAMILY = "1,2";
				TEST_HOST = "$(BUILT_PRODUCTS_DIR)/TestCoreData.app/TestCoreData";
			};
			name = Debug;
		};
		8489516A21C775E40031A29B /* Release */ = {
			isa = XCBuildConfiguration;
			buildSettings = {
				ALWAYS_EMBED_SWIFT_STANDARD_LIBRARIES = YES;
				BUNDLE_LOADER = "$(TEST_HOST)";
				CODE_SIGN_STYLE = Automatic;
				DEVELOPMENT_TEAM = JW533K8V9M;
				INFOPLIST_FILE = TestCoreDataTests/Info.plist;
				LD_RUNPATH_SEARCH_PATHS = (
					"$(inherited)",
					"@executable_path/Frameworks",
					"@loader_path/Frameworks",
				);
				PRODUCT_BUNDLE_IDENTIFIER = com.nethues.TestCoreDataTests;
				PRODUCT_NAME = "$(TARGET_NAME)";
				SWIFT_VERSION = 4.2;
				TARGETED_DEVICE_FAMILY = "1,2";
				TEST_HOST = "$(BUILT_PRODUCTS_DIR)/TestCoreData.app/TestCoreData";
			};
			name = Release;
		};
		8489516C21C775E40031A29B /* Debug */ = {
			isa = XCBuildConfiguration;
			buildSettings = {
				ALWAYS_EMBED_SWIFT_STANDARD_LIBRARIES = YES;
				CODE_SIGN_STYLE = Automatic;
				DEVELOPMENT_TEAM = JW533K8V9M;
				INFOPLIST_FILE = TestCoreDataUITests/Info.plist;
				LD_RUNPATH_SEARCH_PATHS = (
					"$(inherited)",
					"@executable_path/Frameworks",
					"@loader_path/Frameworks",
				);
				PRODUCT_BUNDLE_IDENTIFIER = com.nethues.TestCoreDataUITests;
				PRODUCT_NAME = "$(TARGET_NAME)";
				SWIFT_VERSION = 4.2;
				TARGETED_DEVICE_FAMILY = "1,2";
				TEST_TARGET_NAME = TestCoreData;
			};
			name = Debug;
		};
		8489516D21C775E40031A29B /* Release */ = {
			isa = XCBuildConfiguration;
			buildSettings = {
				ALWAYS_EMBED_SWIFT_STANDARD_LIBRARIES = YES;
				CODE_SIGN_STYLE = Automatic;
				DEVELOPMENT_TEAM = JW533K8V9M;
				INFOPLIST_FILE = TestCoreDataUITests/Info.plist;
				LD_RUNPATH_SEARCH_PATHS = (
					"$(inherited)",
					"@executable_path/Frameworks",
					"@loader_path/Frameworks",
				);
				PRODUCT_BUNDLE_IDENTIFIER = com.nethues.TestCoreDataUITests;
				PRODUCT_NAME = "$(TARGET_NAME)";
				SWIFT_VERSION = 4.2;
				TARGETED_DEVICE_FAMILY = "1,2";
				TEST_TARGET_NAME = TestCoreData;
			};
			name = Release;
		};
/* End XCBuildConfiguration section */

/* Begin XCConfigurationList section */
		8489513521C775E20031A29B /* Build configuration list for PBXProject "TestCoreData" */ = {
			isa = XCConfigurationList;
			buildConfigurations = (
				8489516321C775E40031A29B /* Debug */,
				8489516421C775E40031A29B /* Release */,
			);
			defaultConfigurationIsVisible = 0;
			defaultConfigurationName = Release;
		};
		8489516521C775E40031A29B /* Build configuration list for PBXNativeTarget "TestCoreData" */ = {
			isa = XCConfigurationList;
			buildConfigurations = (
				8489516621C775E40031A29B /* Debug */,
				8489516721C775E40031A29B /* Release */,
			);
			defaultConfigurationIsVisible = 0;
			defaultConfigurationName = Release;
		};
		8489516821C775E40031A29B /* Build configuration list for PBXNativeTarget "TestCoreDataTests" */ = {
			isa = XCConfigurationList;
			buildConfigurations = (
				8489516921C775E40031A29B /* Debug */,
				8489516A21C775E40031A29B /* Release */,
			);
			defaultConfigurationIsVisible = 0;
			defaultConfigurationName = Release;
		};
		8489516B21C775E40031A29B /* Build configuration list for PBXNativeTarget "TestCoreDataUITests" */ = {
			isa = XCConfigurationList;
			buildConfigurations = (
				8489516C21C775E40031A29B /* Debug */,
				8489516D21C775E40031A29B /* Release */,
			);
			defaultConfigurationIsVisible = 0;
			defaultConfigurationName = Release;
		};
/* End XCConfigurationList section */

/* Begin XCVersionGroup section */
		8489514421C775E20031A29B /* TestCoreData.xcdatamodeld */ = {
			isa = XCVersionGroup;
			children = (
				8489514521C775E20031A29B /* TestCoreData.xcdatamodel */,
			);
			currentVersion = 8489514521C775E20031A29B /* TestCoreData.xcdatamodel */;
			path = TestCoreData.xcdatamodeld;
			sourceTree = "<group>";
			versionGroupType = wrapper.xcdatamodel;
		};
/* End XCVersionGroup section */
	};
	rootObject = 8489513221C775E20031A29B /* Project object */;
}
